
Microsoft Visual Studio Solution File, Format Version 12.00
# Visual Studio Version 17
VisualStudioVersion = 17.14.36310.24 d17.14
MinimumVisualStudioVersion = 10.0.40219.1
Project("{FAE04EC0-301F-11D3-BF4B-00C04F79EFBC}") = "Triangle Type Identifier", "Triangle Type Identifier\Triangle Type Identifier.csproj", "{3AB1D807-D0A6-4BB4-90D7-69BF08A5F91E}"
EndProject
Global
	GlobalSection(SolutionConfigurationPlatforms) = preSolution
		Debug|Any CPU = Debug|Any CPU
		Release|Any CPU = Release|Any CPU
	EndGlobalSection
	GlobalSection(ProjectConfigurationPlatforms) = postSolution
		{3AB1D807-D0A6-4BB4-90D7-69BF08A5F91E}.Debug|Any CPU.ActiveCfg = Debug|Any CPU
		{3AB1D807-D0A6-4BB4-90D7-69BF08A5F91E}.Debug|Any CPU.Build.0 = Debug|Any CPU
		{3AB1D807-D0A6-4BB4-90D7-69BF08A5F91E}.Release|Any CPU.ActiveCfg = Release|Any CPU
		{3AB1D807-D0A6-4BB4-90D7-69BF08A5F91E}.Release|Any CPU.Build.0 = Release|Any CPU
	EndGlobalSection
	GlobalSection(SolutionProperties) = preSolution
		HideSolutionNode = FALSE
	EndGlobalSection
	GlobalSection(ExtensibilityGlobals) = postSolution
		SolutionGuid = {3A9B4EF6-8A37-4359-AC4E-1608DFBC0AF2}
	EndGlobalSection
EndGlobal
