
Microsoft Visual Studio Solution File, Format Version 12.00
# Visual Studio Version 17
VisualStudioVersion = 17.14.36310.24 d17.14
MinimumVisualStudioVersion = 10.0.40219.1
Project("{FAE04EC0-301F-11D3-BF4B-00C04F79EFBC}") = "Ticket Price Calculator", "Ticket Price Calculator\Ticket Price Calculator.csproj", "{60101AE6-2556-4144-BCED-233D50A34EDA}"
EndProject
Global
	GlobalSection(SolutionConfigurationPlatforms) = preSolution
		Debug|Any CPU = Debug|Any CPU
		Release|Any CPU = Release|Any CPU
	EndGlobalSection
	GlobalSection(ProjectConfigurationPlatforms) = postSolution
		{60101AE6-2556-4144-BCED-233D50A34EDA}.Debug|Any CPU.ActiveCfg = Debug|Any CPU
		{60101AE6-2556-4144-BCED-233D50A34EDA}.Debug|Any CPU.Build.0 = Debug|Any CPU
		{60101AE6-2556-4144-BCED-233D50A34EDA}.Release|Any CPU.ActiveCfg = Release|Any CPU
		{60101AE6-2556-4144-BCED-233D50A34EDA}.Release|Any CPU.Build.0 = Release|Any CPU
	EndGlobalSection
	GlobalSection(SolutionProperties) = preSolution
		HideSolutionNode = FALSE
	EndGlobalSection
	GlobalSection(ExtensibilityGlobals) = postSolution
		SolutionGuid = {1437963B-3E83-43A1-A76F-FA29F71BAEDC}
	EndGlobalSection
EndGlobal
